// !$*UTF8*$!
{
	archiveVersion = 1;
	classes = {
	};
	objectVersion = 46;
	objects = {

/* Begin PBXBuildFile section */
		E760DB031C9F902200B11484 /* main.m in Sources */ = {isa = PBXBuildFile; fileRef = E760DB021C9F902200B11484 /* main.m */; };
		E760DB061C9F902200B11484 /* AppDelegate.m in Sources */ = {isa = PBXBuildFile; fileRef = E760DB051C9F902200B11484 /* AppDelegate.m */; };
		E760DB091C9F902200B11484 /* ViewController.m in Sources */ = {isa = PBXBuildFile; fileRef = E760DB081C9F902200B11484 /* ViewController.m */; };
		E760DB0C1C9F902200B11484 /* Main.storyboard in Resources */ = {isa = PBXBuildFile; fileRef = E760DB0A1C9F902200B11484 /* Main.storyboard */; };
		E760DB0E1C9F902200B11484 /* Images.xcassets in Resources */ = {isa = PBXBuildFile; fileRef = E760DB0D1C9F902200B11484 /* Images.xcassets */; };
		E760DB111C9F902200B11484 /* LaunchScreen.xib in Resources */ = {isa = PBXBuildFile; fileRef = E760DB0F1C9F902200B11484 /* LaunchScreen.xib */; };
		E760DB1D1C9F902200B11484 /* AHJavascriptBridgeTests.m in Sources */ = {isa = PBXBuildFile; fileRef = E760DB1C1C9F902200B11484 /* AHJavascriptBridgeTests.m */; };
		E760DB2F1C9F90EA00B11484 /* AHJavascriptBridgeTest.m in Sources */ = {isa = PBXBuildFile; fileRef = E760DB2A1C9F90EA00B11484 /* AHJavascriptBridgeTest.m */; };
		E760DB311C9F90EA00B11484 /* AHJavascriptBridgeTest.js in Resources */ = {isa = PBXBuildFile; fileRef = E760DB2C1C9F90EA00B11484 /* AHJavascriptBridgeTest.js */; };
		E760DB321C9F90EA00B11484 /* AHJavascriptBridgeTest.html in Resources */ = {isa = PBXBuildFile; fileRef = E760DB2D1C9F90EA00B11484 /* AHJavascriptBridgeTest.html */; };
		E760DB361C9F927600B11484 /* AHJavascriptBridge.m in Sources */ = {isa = PBXBuildFile; fileRef = E760DB351C9F927600B11484 /* AHJavascriptBridge.m */; };
/* End PBXBuildFile section */

/* Begin PBXContainerItemProxy section */
		E760DB171C9F902200B11484 /* PBXContainerItemProxy */ = {
			isa = PBXContainerItemProxy;
			containerPortal = E760DAF51C9F902200B11484 /* Project object */;
			proxyType = 1;
			remoteGlobalIDString = E760DAFC1C9F902200B11484;
			remoteInfo = AHJavascriptBridge;
		};
/* End PBXContainerItemProxy section */

/* Begin PBXFileReference section */
		E760DAFD1C9F902200B11484 /* AHJavascriptBridge.app */ = {isa = PBXFileReference; explicitFileType = wrapper.application; includeInIndex = 0; path = AHJavascriptBridge.app; sourceTree = BUILT_PRODUCTS_DIR; };
		E760DB011C9F902200B11484 /* Info.plist */ = {isa = PBXFileReference; lastKnownFileType = text.plist.xml; path = Info.plist; sourceTree = "<group>"; };
		E760DB021C9F902200B11484 /* main.m */ = {isa = PBXFileReference; lastKnownFileType = sourcecode.c.objc; path = main.m; sourceTree = "<group>"; };
		E760DB041C9F902200B11484 /* AppDelegate.h */ = {isa = PBXFileReference; lastKnownFileType = sourcecode.c.h; path = AppDelegate.h; sourceTree = "<group>"; };
		E760DB051C9F902200B11484 /* AppDelegate.m */ = {isa = PBXFileReference; lastKnownFileType = sourcecode.c.objc; path = AppDelegate.m; sourceTree = "<group>"; };
		E760DB071C9F902200B11484 /* ViewController.h */ = {isa = PBXFileReference; lastKnownFileType = sourcecode.c.h; path = ViewController.h; sourceTree = "<group>"; };
		E760DB081C9F902200B11484 /* ViewController.m */ = {isa = PBXFileReference; lastKnownFileType = sourcecode.c.objc; path = ViewController.m; sourceTree = "<group>"; };
		E760DB0B1C9F902200B11484 /* Base */ = {isa = PBXFileReference; lastKnownFileType = file.storyboard; name = Base; path = Base.lproj/Main.storyboard; sourceTree = "<group>"; };
		E760DB0D1C9F902200B11484 /* Images.xcassets */ = {isa = PBXFileReference; lastKnownFileType = folder.assetcatalog; path = Images.xcassets; sourceTree = "<group>"; };
		E760DB101C9F902200B11484 /* Base */ = {isa = PBXFileReference; lastKnownFileType = file.xib; name = Base; path = Base.lproj/LaunchScreen.xib; sourceTree = "<group>"; };
		E760DB161C9F902200B11484 /* AHJavascriptBridgeTests.xctest */ = {isa = PBXFileReference; explicitFileType = wrapper.cfbundle; includeInIndex = 0; path = AHJavascriptBridgeTests.xctest; sourceTree = BUILT_PRODUCTS_DIR; };
		E760DB1B1C9F902200B11484 /* Info.plist */ = {isa = PBXFileReference; lastKnownFileType = text.plist.xml; path = Info.plist; sourceTree = "<group>"; };
		E760DB1C1C9F902200B11484 /* AHJavascriptBridgeTests.m */ = {isa = PBXFileReference; lastKnownFileType = sourcecode.c.objc; path = AHJavascriptBridgeTests.m; sourceTree = "<group>"; };
		E760DB2A1C9F90EA00B11484 /* AHJavascriptBridgeTest.m */ = {isa = PBXFileReference; fileEncoding = 4; lastKnownFileType = sourcecode.c.objc; path = AHJavascriptBridgeTest.m; sourceTree = "<group>"; };
		E760DB2C1C9F90EA00B11484 /* AHJavascriptBridgeTest.js */ = {isa = PBXFileReference; fileEncoding = 4; lastKnownFileType = sourcecode.javascript; path = AHJavascriptBridgeTest.js; sourceTree = "<group>"; };
		E760DB2D1C9F90EA00B11484 /* AHJavascriptBridgeTest.html */ = {isa = PBXFileReference; fileEncoding = 4; lastKnownFileType = text.html; path = AHJavascriptBridgeTest.html; sourceTree = "<group>"; };
		E760DB2E1C9F90EA00B11484 /* AHJavascriptBridgeTest.h */ = {isa = PBXFileReference; fileEncoding = 4; lastKnownFileType = sourcecode.c.h; path = AHJavascriptBridgeTest.h; sourceTree = "<group>"; };
		E760DB341C9F927600B11484 /* AHJavascriptBridge.h */ = {isa = PBXFileReference; fileEncoding = 4; lastKnownFileType = sourcecode.c.h; path = AHJavascriptBridge.h; sourceTree = "<group>"; };
		E760DB351C9F927600B11484 /* AHJavascriptBridge.m */ = {isa = PBXFileReference; fileEncoding = 4; lastKnownFileType = sourcecode.c.objc; path = AHJavascriptBridge.m; sourceTree = "<group>"; };
/* End PBXFileReference section */

/* Begin PBXFrameworksBuildPhase section */
		E760DAFA1C9F902200B11484 /* Frameworks */ = {
			isa = PBXFrameworksBuildPhase;
			buildActionMask = 2147483647;
			files = (
			);
			runOnlyForDeploymentPostprocessing = 0;
		};
		E760DB131C9F902200B11484 /* Frameworks */ = {
			isa = PBXFrameworksBuildPhase;
			buildActionMask = 2147483647;
			files = (
			);
			runOnlyForDeploymentPostprocessing = 0;
		};
/* End PBXFrameworksBuildPhase section */

/* Begin PBXGroup section */
		E760DAF41C9F902200B11484 = {
			isa = PBXGroup;
			children = (
				E760DAFF1C9F902200B11484 /* AHJavascriptBridge */,
				E760DB191C9F902200B11484 /* AHJavascriptBridgeTests */,
				E760DAFE1C9F902200B11484 /* Products */,
			);
			sourceTree = "<group>";
		};
		E760DAFE1C9F902200B11484 /* Products */ = {
			isa = PBXGroup;
			children = (
				E760DAFD1C9F902200B11484 /* AHJavascriptBridge.app */,
				E760DB161C9F902200B11484 /* AHJavascriptBridgeTests.xctest */,
			);
			name = Products;
			sourceTree = "<group>";
		};
		E760DAFF1C9F902200B11484 /* AHJavascriptBridge */ = {
			isa = PBXGroup;
			children = (
				E760DB331C9F927600B11484 /* AHJavascriptBridge */,
				E760DB2C1C9F90EA00B11484 /* AHJavascriptBridgeTest.js */,
				E760DB2D1C9F90EA00B11484 /* AHJavascriptBridgeTest.html */,
				E760DB2E1C9F90EA00B11484 /* AHJavascriptBridgeTest.h */,
				E760DB2A1C9F90EA00B11484 /* AHJavascriptBridgeTest.m */,
				E760DB041C9F902200B11484 /* AppDelegate.h */,
				E760DB051C9F902200B11484 /* AppDelegate.m */,
				E760DB071C9F902200B11484 /* ViewController.h */,
				E760DB081C9F902200B11484 /* ViewController.m */,
				E760DB0A1C9F902200B11484 /* Main.storyboard */,
				E760DB0D1C9F902200B11484 /* Images.xcassets */,
				E760DB0F1C9F902200B11484 /* LaunchScreen.xib */,
				E760DB001C9F902200B11484 /* Supporting Files */,
			);
			path = AHJavascriptBridge;
			sourceTree = "<group>";
		};
		E760DB001C9F902200B11484 /* Supporting Files */ = {
			isa = PBXGroup;
			children = (
				E760DB011C9F902200B11484 /* Info.plist */,
				E760DB021C9F902200B11484 /* main.m */,
			);
			name = "Supporting Files";
			sourceTree = "<group>";
		};
		E760DB191C9F902200B11484 /* AHJavascriptBridgeTests */ = {
			isa = PBXGroup;
			children = (
				E760DB1C1C9F902200B11484 /* AHJavascriptBridgeTests.m */,
				E760DB1A1C9F902200B11484 /* Supporting Files */,
			);
			path = AHJavascriptBridgeTests;
			sourceTree = "<group>";
		};
		E760DB1A1C9F902200B11484 /* Supporting Files */ = {
			isa = PBXGroup;
			children = (
				E760DB1B1C9F902200B11484 /* Info.plist */,
			);
			name = "Supporting Files";
			sourceTree = "<group>";
		};
		E760DB331C9F927600B11484 /* AHJavascriptBridge */ = {
			isa = PBXGroup;
			children = (
				E760DB341C9F927600B11484 /* AHJavascriptBridge.h */,
				E760DB351C9F927600B11484 /* AHJavascriptBridge.m */,
			);
			path = AHJavascriptBridge;
			sourceTree = "<group>";
		};
/* End PBXGroup section */

/* Begin PBXNativeTarget section */
		E760DAFC1C9F902200B11484 /* AHJavascriptBridge */ = {
			isa = PBXNativeTarget;
			buildConfigurationList = E760DB201C9F902200B11484 /* Build configuration list for PBXNativeTarget "AHJavascriptBridge" */;
			buildPhases = (
				E760DAF91C9F902200B11484 /* Sources */,
				E760DAFA1C9F902200B11484 /* Frameworks */,
				E760DAFB1C9F902200B11484 /* Resources */,
			);
			buildRules = (
			);
			dependencies = (
			);
			name = AHJavascriptBridge;
			productName = AHJavascriptBridge;
			productReference = E760DAFD1C9F902200B11484 /* AHJavascriptBridge.app */;
			productType = "com.apple.product-type.application";
		};
		E760DB151C9F902200B11484 /* AHJavascriptBridgeTests */ = {
			isa = PBXNativeTarget;
			buildConfigurationList = E760DB231C9F902200B11484 /* Build configuration list for PBXNativeTarget "AHJavascriptBridgeTests" */;
			buildPhases = (
				E760DB121C9F902200B11484 /* Sources */,
				E760DB131C9F902200B11484 /* Frameworks */,
				E760DB141C9F902200B11484 /* Resources */,
			);
			buildRules = (
			);
			dependencies = (
				E760DB181C9F902200B11484 /* PBXTargetDependency */,
			);
			name = AHJavascriptBridgeTests;
			productName = AHJavascriptBridgeTests;
			productReference = E760DB161C9F902200B11484 /* AHJavascriptBridgeTests.xctest */;
			productType = "com.apple.product-type.bundle.unit-test";
		};
/* End PBXNativeTarget section */

/* Begin PBXProject section */
		E760DAF51C9F902200B11484 /* Project object */ = {
			isa = PBXProject;
			attributes = {
				LastUpgradeCheck = 0640;
				ORGANIZATIONNAME = AutoHome;
				TargetAttributes = {
					E760DAFC1C9F902200B11484 = {
						CreatedOnToolsVersion = 6.4;
					};
					E760DB151C9F902200B11484 = {
						CreatedOnToolsVersion = 6.4;
						TestTargetID = E760DAFC1C9F902200B11484;
					};
				};
			};
			buildConfigurationList = E760DAF81C9F902200B11484 /* Build configuration list for PBXProject "AHJavascriptBridge" */;
			compatibilityVersion = "Xcode 3.2";
			developmentRegion = English;
			hasScannedForEncodings = 0;
			knownRegions = (
				en,
				Base,
			);
			mainGroup = E760DAF41C9F902200B11484;
			productRefGroup = E760DAFE1C9F902200B11484 /* Products */;
			projectDirPath = "";
			projectRoot = "";
			targets = (
				E760DAFC1C9F902200B11484 /* AHJavascriptBridge */,
				E760DB151C9F902200B11484 /* AHJavascriptBridgeTests */,
			);
		};
/* End PBXProject section */

/* Begin PBXResourcesBuildPhase section */
		E760DAFB1C9F902200B11484 /* Resources */ = {
			isa = PBXResourcesBuildPhase;
			buildActionMask = 2147483647;
			files = (
				E760DB0C1C9F902200B11484 /* Main.storyboard in Resources */,
				E760DB111C9F902200B11484 /* LaunchScreen.xib in Resources */,
				E760DB0E1C9F902200B11484 /* Images.xcassets in Resources */,
				E760DB311C9F90EA00B11484 /* AHJavascriptBridgeTest.js in Resources */,
				E760DB321C9F90EA00B11484 /* AHJavascriptBridgeTest.html in Resources */,
			);
			runOnlyForDeploymentPostprocessing = 0;
		};
		E760DB141C9F902200B11484 /* Resources */ = {
			isa = PBXResourcesBuildPhase;
			buildActionMask = 2147483647;
			files = (
			);
			runOnlyForDeploymentPostprocessing = 0;
		};
/* End PBXResourcesBuildPhase section */

/* Begin PBXSourcesBuildPhase section */
		E760DAF91C9F902200B11484 /* Sources */ = {
			isa = PBXSourcesBuildPhase;
			buildActionMask = 2147483647;
			files = (
				E760DB091C9F902200B11484 /* ViewController.m in Sources */,
				E760DB2F1C9F90EA00B11484 /* AHJavascriptBridgeTest.m in Sources */,
				E760DB361C9F927600B11484 /* AHJavascriptBridge.m in Sources */,
				E760DB061C9F902200B11484 /* AppDelegate.m in Sources */,
				E760DB031C9F902200B11484 /* main.m in Sources */,
			);
			runOnlyForDeploymentPostprocessing = 0;
		};
		E760DB121C9F902200B11484 /* Sources */ = {
			isa = PBXSourcesBuildPhase;
			buildActionMask = 2147483647;
			files = (
				E760DB1D1C9F902200B11484 /* AHJavascriptBridgeTests.m in Sources */,
			);
			runOnlyForDeploymentPostprocessing = 0;
		};
/* End PBXSourcesBuildPhase section */

/* Begin PBXTargetDependency section */
		E760DB181C9F902200B11484 /* PBXTargetDependency */ = {
			isa = PBXTargetDependency;
			target = E760DAFC1C9F902200B11484 /* AHJavascriptBridge */;
			targetProxy = E760DB171C9F902200B11484 /* PBXContainerItemProxy */;
		};
/* End PBXTargetDependency section */

/* Begin PBXVariantGroup section */
		E760DB0A1C9F902200B11484 /* Main.storyboard */ = {
			isa = PBXVariantGroup;
			children = (
				E760DB0B1C9F902200B11484 /* Base */,
			);
			name = Main.storyboard;
			sourceTree = "<group>";
		};
		E760DB0F1C9F902200B11484 /* LaunchScreen.xib */ = {
			isa = PBXVariantGroup;
			children = (
				E760DB101C9F902200B11484 /* Base */,
			);
			name = LaunchScreen.xib;
			sourceTree = "<group>";
		};
/* End PBXVariantGroup section */

/* Begin XCBuildConfiguration section */
		E760DB1E1C9F902200B11484 /* Debug */ = {
			isa = XCBuildConfiguration;
			buildSettings = {
				ALWAYS_SEARCH_USER_PATHS = NO;
				CLANG_CXX_LANGUAGE_STANDARD = "gnu++0x";
				CLANG_CXX_LIBRARY = "libc++";
				CLANG_ENABLE_MODULES = YES;
				CLANG_ENABLE_OBJC_ARC = YES;
				CLANG_WARN_BOOL_CONVERSION = YES;
				CLANG_WARN_CONSTANT_CONVERSION = YES;
				CLANG_WARN_DIRECT_OBJC_ISA_USAGE = YES_ERROR;
				CLANG_WARN_EMPTY_BODY = YES;
				CLANG_WARN_ENUM_CONVERSION = YES;
				CLANG_WARN_INT_CONVERSION = YES;
				CLANG_WARN_OBJC_ROOT_CLASS = YES_ERROR;
				CLANG_WARN_UNREACHABLE_CODE = YES;
				CLANG_WARN__DUPLICATE_METHOD_MATCH = YES;
				"CODE_SIGN_IDENTITY[sdk=iphoneos*]" = "iPhone Developer";
				COPY_PHASE_STRIP = NO;
				DEBUG_INFORMATION_FORMAT = "dwarf-with-dsym";
				ENABLE_STRICT_OBJC_MSGSEND = YES;
				GCC_C_LANGUAGE_STANDARD = gnu99;
				GCC_DYNAMIC_NO_PIC = NO;
				GCC_NO_COMMON_BLOCKS = YES;
				GCC_OPTIMIZATION_LEVEL = 0;
				GCC_PREPROCESSOR_DEFINITIONS = (
					"DEBUG=1",
					"$(inherited)",
				);
				GCC_SYMBOLS_PRIVATE_EXTERN = NO;
				GCC_WARN_64_TO_32_BIT_CONVERSION = YES;
				GCC_WARN_ABOUT_RETURN_TYPE = YES_ERROR;
				GCC_WARN_UNDECLARED_SELECTOR = YES;
				GCC_WARN_UNINITIALIZED_AUTOS = YES_AGGRESSIVE;
				GCC_WARN_UNUSED_FUNCTION = YES;
				GCC_WARN_UNUSED_VARIABLE = YES;
				IPHONEOS_DEPLOYMENT_TARGET = 8.4;
				MTL_ENABLE_DEBUG_INFO = YES;
				ONLY_ACTIVE_ARCH = YES;
				SDKROOT = iphoneos;
				TARGETED_DEVICE_FAMILY = "1,2";
			};
			name = Debug;
		};
		E760DB1F1C9F902200B11484 /* Release */ = {
			isa = XCBuildConfiguration;
			buildSettings = {
				ALWAYS_SEARCH_USER_PATHS = NO;
				CLANG_CXX_LANGUAGE_STANDARD = "gnu++0x";
				CLANG_CXX_LIBRARY = "libc++";
				CLANG_ENABLE_MODULES = YES;
				CLANG_ENABLE_OBJC_ARC = YES;
				CLANG_WARN_BOOL_CONVERSION = YES;
				CLANG_WARN_CONSTANT_CONVERSION = YES;
				CLANG_WARN_DIRECT_OBJC_ISA_USAGE = YES_ERROR;
				CLANG_WARN_EMPTY_BODY = YES;
				CLANG_WARN_ENUM_CONVERSION = YES;
				CLANG_WARN_INT_CONVERSION = YES;
				CLANG_WARN_OBJC_ROOT_CLASS = YES_ERROR;
				CLANG_WARN_UNREACHABLE_CODE = YES;
				CLANG_WARN__DUPLICATE_METHOD_MATCH = YES;
				"CODE_SIGN_IDENTITY[sdk=iphoneos*]" = "iPhone Developer";
				COPY_PHASE_STRIP = NO;
				DEBUG_INFORMATION_FORMAT = "dwarf-with-dsym";
				ENABLE_NS_ASSERTIONS = NO;
				ENABLE_STRICT_OBJC_MSGSEND = YES;
				GCC_C_LANGUAGE_STANDARD = gnu99;
				GCC_NO_COMMON_BLOCKS = YES;
				GCC_WARN_64_TO_32_BIT_CONVERSION = YES;
				GCC_WARN_ABOUT_RETURN_TYPE = YES_ERROR;
				GCC_WARN_UNDECLARED_SELECTOR = YES;
				GCC_WARN_UNINITIALIZED_AUTOS = YES_AGGRESSIVE;
				GCC_WARN_UNUSED_FUNCTION = YES;
				GCC_WARN_UNUSED_VARIABLE = YES;
				IPHONEOS_DEPLOYMENT_TARGET = 8.4;
				MTL_ENABLE_DEBUG_INFO = NO;
				SDKROOT = iphoneos;
				TARGETED_DEVICE_FAMILY = "1,2";
				VALIDATE_PRODUCT = YES;
			};
			name = Release;
		};
		E760DB211C9F902200B11484 /* Debug */ = {
			isa = XCBuildConfiguration;
			buildSettings = {
				ASSETCATALOG_COMPILER_APPICON_NAME = AppIcon;
				INFOPLIST_FILE = AHJavascriptBridge/Info.plist;
				LD_RUNPATH_SEARCH_PATHS = "$(inherited) @executable_path/Frameworks";
				PRODUCT_NAME = "$(TARGET_NAME)";
			};
			name = Debug;
		};
		E760DB221C9F902200B11484 /* Release */ = {
			isa = XCBuildConfiguration;
			buildSettings = {
				ASSETCATALOG_COMPILER_APPICON_NAME = AppIcon;
				INFOPLIST_FILE = AHJavascriptBridge/Info.plist;
				LD_RUNPATH_SEARCH_PATHS = "$(inherited) @executable_path/Frameworks";
				PRODUCT_NAME = "$(TARGET_NAME)";
			};
			name = Release;
		};
		E760DB241C9F902200B11484 /* Debug */ = {
			isa = XCBuildConfiguration;
			buildSettings = {
				BUNDLE_LOADER = "$(TEST_HOST)";
				FRAMEWORK_SEARCH_PATHS = (
					"$(SDKROOT)/Developer/Library/Frameworks",
					"$(inherited)",
				);
				GCC_PREPROCESSOR_DEFINITIONS = (
					"DEBUG=1",
					"$(inherited)",
				);
				INFOPLIST_FILE = AHJavascriptBridgeTests/Info.plist;
				LD_RUNPATH_SEARCH_PATHS = "$(inherited) @executable_path/Frameworks @loader_path/Frameworks";
				PRODUCT_NAME = "$(TARGET_NAME)";
				TEST_HOST = "$(BUILT_PRODUCTS_DIR)/AHJavascriptBridge.app/AHJavascriptBridge";
			};
			name = Debug;
		};
		E760DB251C9F902200B11484 /* Release */ = {
			isa = XCBuildConfiguration;
			buildSettings = {
				BUNDLE_LOADER = "$(TEST_HOST)";
				FRAMEWORK_SEARCH_PATHS = (
					"$(SDKROOT)/Developer/Library/Frameworks",
					"$(inherited)",
				);
				INFOPLIST_FILE = AHJavascriptBridgeTests/Info.plist;
				LD_RUNPATH_SEARCH_PATHS = "$(inherited) @executable_path/Frameworks @loader_path/Frameworks";
				PRODUCT_NAME = "$(TARGET_NAME)";
				TEST_HOST = "$(BUILT_PRODUCTS_DIR)/AHJavascriptBridge.app/AHJavascriptBridge";
			};
			name = Release;
		};
/* End XCBuildConfiguration section */

/* Begin XCConfigurationList section */
		E760DAF81C9F902200B11484 /* Build configuration list for PBXProject "AHJavascriptBridge" */ = {
			isa = XCConfigurationList;
			buildConfigurations = (
				E760DB1E1C9F902200B11484 /* Debug */,
				E760DB1F1C9F902200B11484 /* Release */,
			);
			defaultConfigurationIsVisible = 0;
			defaultConfigurationName = Release;
		};
		E760DB201C9F902200B11484 /* Build configuration list for PBXNativeTarget "AHJavascriptBridge" */ = {
			isa = XCConfigurationList;
			buildConfigurations = (
				E760DB211C9F902200B11484 /* Debug */,
				E760DB221C9F902200B11484 /* Release */,
			);
			defaultConfigurationIsVisible = 0;
		};
		E760DB231C9F902200B11484 /* Build configuration list for PBXNativeTarget "AHJavascriptBridgeTests" */ = {
			isa = XCConfigurationList;
			buildConfigurations = (
				E760DB241C9F902200B11484 /* Debug */,
				E760DB251C9F902200B11484 /* Release */,
			);
			defaultConfigurationIsVisible = 0;
		};
/* End XCConfigurationList section */
	};
	rootObject = E760DAF51C9F902200B11484 /* Project object */;
}
